
Microsoft Visual Studio Solution File, Format Version 12.00
# Visual Studio Version 17
VisualStudioVersion = 17.6.33723.286
MinimumVisualStudioVersion = 10.0.40219.1
Project("{FAE04EC0-301F-11D3-BF4B-00C04F79EFBC}") = "WpfMvvm", "WpfMvvm\WpfMvvm.csproj", "{417840E9-4482-4FAD-9A93-861B703DB6C1}"
EndProject
Global
	GlobalSection(SolutionConfigurationPlatforms) = preSolution
		Debug|Any CPU = Debug|Any CPU
		Release|Any CPU = Release|Any CPU
	EndGlobalSection
	GlobalSection(ProjectConfigurationPlatforms) = postSolution
		{417840E9-4482-4FAD-9A93-861B703DB6C1}.Debug|Any CPU.ActiveCfg = Debug|Any CPU
		{417840E9-4482-4FAD-9A93-861B703DB6C1}.Debug|Any CPU.Build.0 = Debug|Any CPU
		{417840E9-4482-4FAD-9A93-861B703DB6C1}.Release|Any CPU.ActiveCfg = Release|Any CPU
		{417840E9-4482-4FAD-9A93-861B703DB6C1}.Release|Any CPU.Build.0 = Release|Any CPU
	EndGlobalSection
	GlobalSection(SolutionProperties) = preSolution
		HideSolutionNode = FALSE
	EndGlobalSection
	GlobalSection(ExtensibilityGlobals) = postSolution
		SolutionGuid = {BD0063F8-F7BF-4F94-90CA-EFF70D25074E}
	EndGlobalSection
EndGlobal
